
Microsoft Visual Studio Solution File, Format Version 12.00
# Visual Studio Version 17
VisualStudioVersion = 17.14.36408.4
MinimumVisualStudioVersion = 10.0.40219.1
Project("{FAE04EC0-301F-11D3-BF4B-00C04F79EFBC}") = "tw-demo-api", "tw-demo-api.csproj", "{47625344-C534-4FD3-986F-862A57EFAE04}"
EndProject
Project("{FAE04EC0-301F-11D3-BF4B-00C04F79EFBC}") = "tw-demo-api-test", "..\tw-demo-api-test\tw-demo-api-test.csproj", "{DAD753C7-CF06-4C97-BBF2-6D567CE0E5BB}"
EndProject
Global
	GlobalSection(SolutionConfigurationPlatforms) = preSolution
		Debug|Any CPU = Debug|Any CPU
		Release|Any CPU = Release|Any CPU
	EndGlobalSection
	GlobalSection(ProjectConfigurationPlatforms) = postSolution
		{47625344-C534-4FD3-986F-862A57EFAE04}.Debug|Any CPU.ActiveCfg = Debug|Any CPU
		{47625344-C534-4FD3-986F-862A57EFAE04}.Debug|Any CPU.Build.0 = Debug|Any CPU
		{47625344-C534-4FD3-986F-862A57EFAE04}.Release|Any CPU.ActiveCfg = Release|Any CPU
		{47625344-C534-4FD3-986F-862A57EFAE04}.Release|Any CPU.Build.0 = Release|Any CPU
		{DAD753C7-CF06-4C97-BBF2-6D567CE0E5BB}.Debug|Any CPU.ActiveCfg = Debug|Any CPU
		{DAD753C7-CF06-4C97-BBF2-6D567CE0E5BB}.Debug|Any CPU.Build.0 = Debug|Any CPU
		{DAD753C7-CF06-4C97-BBF2-6D567CE0E5BB}.Release|Any CPU.ActiveCfg = Release|Any CPU
		{DAD753C7-CF06-4C97-BBF2-6D567CE0E5BB}.Release|Any CPU.Build.0 = Release|Any CPU
	EndGlobalSection
	GlobalSection(SolutionProperties) = preSolution
		HideSolutionNode = FALSE
	EndGlobalSection
	GlobalSection(ExtensibilityGlobals) = postSolution
		SolutionGuid = {7C3E6602-9F14-48FC-8E73-E3A4F9404152}
	EndGlobalSection
EndGlobal
